PODS:
  - Alamofire (5.10.2)
  - AppAuth (2.0.0):
    - AppAuth/Core (= 2.0.0)
    - AppAuth/ExternalUserAgent (= 2.0.0)
  - AppAuth/Core (2.0.0)
  - AppAuth/ExternalUserAgent (2.0.0):
    - AppAuth/Core
  - AppCheckCore (11.2.0):
    - GoogleUtilities/Environment (~> 8.0)
    - GoogleUtilities/UserDefaults (~> 8.0)
    - PromisesObjC (~> 2.4)
  - Capacitor (7.4.2):
    - CapacitorCordova
  - CapacitorApp (7.0.1):
    - Capacitor
  - CapacitorBrowser (7.0.1):
    - Capacitor
  - CapacitorCamera (7.0.1):
    - Capacitor
  - CapacitorCordova (7.4.2)
  - CapacitorPushNotifications (7.0.1):
    - Capacitor
  - CapgoCapacitorSocialLogin (7.8.3):
    - Alamofire (~> 5.10.2)
    - Capacitor
    - FBSDKCoreKit (= 17.4.0)
    - FBSDKLoginKit (= 17.4.0)
    - GoogleSignIn (~> 9.0.0)
  - FBAEMKit (17.4.0):
    - FBSDKCoreKit_Basics (= 17.4.0)
  - FBSDKCoreKit (17.4.0):
    - FBAEMKit (= 17.4.0)
    - FBSDKCoreKit_Basics (= 17.4.0)
  - FBSDKCoreKit_Basics (17.4.0)
  - FBSDKLoginKit (17.4.0):
    - FBSDKCoreKit (= 17.4.0)
  - GoogleSignIn (9.0.0):
    - AppAuth (~> 2.0)
    - AppCheckCore (~> 11.0)
    - GTMAppAuth (~> 5.0)
    - GTMSessionFetcher/Core (~> 3.3)
  - GoogleUtilities/Environment (8.1.0):
    - GoogleUtilities/Privacy
  - GoogleUtilities/Logger (8.1.0):
    - GoogleUtilities/Environment
    - GoogleUtilities/Privacy
  - GoogleUtilities/Privacy (8.1.0)
  - GoogleUtilities/UserDefaults (8.1.0):
    - GoogleUtilities/Logger
    - GoogleUtilities/Privacy
  - GTMAppAuth (5.0.0):
    - AppAuth/Core (~> 2.0)
    - GTMSessionFetcher/Core (< 4.0, >= 3.3)
  - GTMSessionFetcher/Core (3.5.0)
  - PromisesObjC (2.4.0)

DEPENDENCIES:
  - "Capacitor (from `../../node_modules/@capacitor/ios`)"
  - "CapacitorApp (from `../../node_modules/@capacitor/app`)"
  - "CapacitorBrowser (from `../../node_modules/@capacitor/browser`)"
  - "CapacitorCamera (from `../../node_modules/@capacitor/camera`)"
  - "CapacitorCordova (from `../../node_modules/@capacitor/ios`)"
  - "CapacitorPushNotifications (from `../../node_modules/@capacitor/push-notifications`)"
  - "CapgoCapacitorSocialLogin (from `../../node_modules/@capgo/capacitor-social-login`)"

SPEC REPOS:
  trunk:
    - Alamofire
    - AppAuth
    - AppCheckCore
    - FBAEMKit
    - FBSDKCoreKit
    - FBSDKCoreKit_Basics
    - FBSDKLoginKit
    - GoogleSignIn
    - GoogleUtilities
    - GTMAppAuth
    - GTMSessionFetcher
    - PromisesObjC

EXTERNAL SOURCES:
  Capacitor:
    :path: "../../node_modules/@capacitor/ios"
  CapacitorApp:
    :path: "../../node_modules/@capacitor/app"
  CapacitorBrowser:
    :path: "../../node_modules/@capacitor/browser"
  CapacitorCamera:
    :path: "../../node_modules/@capacitor/camera"
  CapacitorCordova:
    :path: "../../node_modules/@capacitor/ios"
  CapacitorPushNotifications:
    :path: "../../node_modules/@capacitor/push-notifications"
  CapgoCapacitorSocialLogin:
    :path: "../../node_modules/@capgo/capacitor-social-login"

SPEC CHECKSUMS:
  Alamofire: 7193b3b92c74a07f85569e1a6c4f4237291e7496
  AppAuth: 1c1a8afa7e12f2ec3a294d9882dfa5ab7d3cb063
  AppCheckCore: cc8fd0a3a230ddd401f326489c99990b013f0c4f
  Capacitor: 9d9e481b79ffaeacaf7a85d6a11adec32bd33b59
  CapacitorApp: febecbb9582cb353aed037e18ec765141f880fe9
  CapacitorBrowser: 6299776d496e968505464884d565992faa20444a
  CapacitorCamera: 6e73f1fc6c629a672658705a02409b60854bc0f1
  CapacitorCordova: 5e58d04631bc5094894ac106e2bf1da18a9e6151
  CapacitorPushNotifications: 6a2794788c583dd89215f1805ca4bced1b13dbdf
  CapgoCapacitorSocialLogin: 6a933b802d4efe30b276633cd09e08f22b2845e0
  FBAEMKit: 58cb5f302cdd715a56d4c1d0dfdd2e423ac1421a
  FBSDKCoreKit: 94d7461d0cecf441b1ba7c41acfff41daa8ccd41
  FBSDKCoreKit_Basics: 151b43db8b834d3f0e02f95d36a44ffd36265e45
  FBSDKLoginKit: 5c1cd53c91a2282b3a4fe6e6d3dcf2b8b0d33d55
  GoogleSignIn: c7f09cfbc85a1abf69187be091997c317cc33b77
  GoogleUtilities: 00c88b9a86066ef77f0da2fab05f65d7768ed8e1
  GTMAppAuth: 217a876b249c3c585a54fd6f73e6b58c4f5c4238
  GTMSessionFetcher: 5aea5ba6bd522a239e236100971f10cb71b96ab6
  PromisesObjC: f5707f49cb48b9636751c5b2e7d227e43fba9f47

PODFILE CHECKSUM: 7306b8e4a240b7e4bb8599d9abf6493568ceff82

COCOAPODS: 1.16.2
